<?xml version="1.0" encoding="utf-8"?>
<Project ToolsVersion="4.0" xmlns="http://schemas.microsoft.com/developer/msbuild/2003">
  <ItemGroup>
    <Filter Include="Source Files">
      <UniqueIdentifier>{4FC737F1-C7A5-4376-A066-2A32D752A2FF}</UniqueIdentifier>
      <Extensions>cpp;c;cc;cxx;c++;cppm;ixx;def;odl;idl;hpj;bat;asm;asmx</Extensions>
    </Filter>
    <Filter Include="Header Files">
      <UniqueIdentifier>{93995380-89BD-4b04-88EB-625FBE52EBFB}</UniqueIdentifier>
      <Extensions>h;hh;hpp;hxx;h++;hm;inl;inc;ipp;xsd</Extensions>
    </Filter>
    <Filter Include="Resource Files">
      <UniqueIdentifier>{67DA6AB6-F800-4c08-8B7A-83BB121AAD01}</UniqueIdentifier>
      <Extensions>rc;ico;cur;bmp;dlg;rc2;rct;bin;rgs;gif;jpg;jpeg;jpe;resx;tiff;tif;png;wav;mfcribbon-ms</Extensions>
    </Filter>
    <Filter Include="Header Files\LinkedList">
      <UniqueIdentifier>{590ccde5-da58-4b11-80bc-a7c88b9a74fb}</UniqueIdentifier>
    </Filter>
    <Filter Include="Header Files\Tree">
      <UniqueIdentifier>{e1abc16c-b221-46b6-98ee-dccfb607f8c3}</UniqueIdentifier>
    </Filter>
    <Filter Include="Header Files\Shared">
      <UniqueIdentifier>{819ec710-228c-4d2d-81a7-5582325b3f90}</UniqueIdentifier>
    </Filter>
    <Filter Include="Header Files\Shared\Types">
      <UniqueIdentifier>{42ef419f-39eb-4cb5-a6f6-f7ce8f0d8fa4}</UniqueIdentifier>
    </Filter>
    <Filter Include="Header Files\Shared\Interfaces">
      <UniqueIdentifier>{d56b9c13-9001-4ae5-aebf-98ae0f9d799c}</UniqueIdentifier>
    </Filter>
  </ItemGroup>
  <ItemGroup>
    <ClInclude Include="ReverseList_206.h">
      <Filter>Header Files\LinkedList</Filter>
    </ClInclude>
    <ClInclude Include="ReorderList_143.h">
      <Filter>Header Files\LinkedList</Filter>
    </ClInclude>
    <ClInclude Include="RemoveNthNodeFromLinkedList_19.h">
      <Filter>Header Files\LinkedList</Filter>
    </ClInclude>
    <ClInclude Include="AddTwoNumbers_2.h">
      <Filter>Header Files\LinkedList</Filter>
    </ClInclude>
    <ClInclude Include="ReverseLinkedListII_ReversalAndReconnect_92.h">
      <Filter>Header Files\LinkedList</Filter>
    </ClInclude>
    <ClInclude Include="ReverseLinkedListII_MoveToFront_92.h">
      <Filter>Header Files\LinkedList</Filter>
    </ClInclude>
    <ClInclude Include="BinaryTreeInorderTraversal_Recursion_94.h">
      <Filter>Header Files\Tree</Filter>
    </ClInclude>
    <ClInclude Include="BinaryTreeInorderTraversal_Stack_94.h">
      <Filter>Header Files\Tree</Filter>
    </ClInclude>
    <ClInclude Include="BinaryTreePostOrderTraversal_Reversal_145.h">
      <Filter>Header Files\Tree</Filter>
    </ClInclude>
    <ClInclude Include="BinaryTreePostOrderTraversal_TwoVisit_145.h">
      <Filter>Header Files\Tree</Filter>
    </ClInclude>
    <ClInclude Include="DiameterOfBinaryTree_Recursive_543.h">
      <Filter>Header Files\Tree</Filter>
    </ClInclude>
    <ClInclude Include="DiameterOfBinaryTree_Stack_543.h">
      <Filter>Header Files\Tree</Filter>
    </ClInclude>
    <ClInclude Include="TreeNode.h">
      <Filter>Header Files\Shared\Types</Filter>
    </ClInclude>
    <ClInclude Include="ListNode.h">
      <Filter>Header Files\Shared\Types</Filter>
    </ClInclude>
    <ClInclude Include="SubtreeOfAnotherTree_Recursive_572.h">
      <Filter>Header Files\Tree</Filter>
    </ClInclude>
    <ClInclude Include="DeleteNodeInABST_RecursiveSuccessorDeletion_450.h">
      <Filter>Header Files\Tree</Filter>
    </ClInclude>
    <ClInclude Include="DeleteNodeInABST_DirectSuccessorPromotion_450.h">
      <Filter>Header Files\Tree</Filter>
    </ClInclude>
    <ClInclude Include="DeleteNodeInABST_LeftTreeDemotion_450.h">
      <Filter>Header Files\Tree</Filter>
    </ClInclude>
    <ClInclude Include="QuadNode.h">
      <Filter>Header Files\Shared\Types</Filter>
    </ClInclude>
    <ClInclude Include="AbstractBinaryTreePostOrderTraversal_145.h">
      <Filter>Header Files\Shared\Interfaces</Filter>
    </ClInclude>
    <ClInclude Include="AbstractDeleteNodeInABST_450.h">
      <Filter>Header Files\Shared\Interfaces</Filter>
    </ClInclude>
    <ClInclude Include="AbstractDiameterOfBinaryTree_543.h">
      <Filter>Header Files\Shared\Interfaces</Filter>
    </ClInclude>
    <ClInclude Include="ConstructQuadTree_Recursive_Optimized_427.h">
      <Filter>Header Files\Tree</Filter>
    </ClInclude>
    <ClInclude Include="AbstractConstructQuadTree_427.h">
      <Filter>Header Files\Shared\Interfaces</Filter>
    </ClInclude>
    <ClInclude Include="ConstructQuadTree_Recursive_427.h">
      <Filter>Header Files\Tree</Filter>
    </ClInclude>
    <ClInclude Include="AbstractConstructBinaryTreeFromPreorderAndInorder_105.h">
      <Filter>Header Files\Shared\Interfaces</Filter>
    </ClInclude>
    <ClInclude Include="ConstructBinaryTreeFromPreorderAndInorder_RecursiveOptimized_105.h">
      <Filter>Header Files\Tree</Filter>
    </ClInclude>
    <ClInclude Include="ConstructBinaryTreeFromPreorderAndInorderTraversal_SixParams_105.h">
      <Filter>Header Files\Tree</Filter>
    </ClInclude>
    <ClInclude Include="ConstructBinaryTreeFromPreorderAndInorderTraversal_IterativeOptimized_105.h">
      <Filter>Header Files\Tree</Filter>
    </ClInclude>
    <ClInclude Include="ConstructBinaryTreeFromPreorderAndInorderTraversal_HashMap_105.h">
      <Filter>Header Files\Tree</Filter>
    </ClInclude>
  </ItemGroup>
  <ItemGroup>
    <ClCompile Include="MiddleOfLinkedList_876.h">
      <Filter>Header Files\LinkedList</Filter>
    </ClCompile>
    <ClCompile Include="SameTree_Stack_100.h">
      <Filter>Header Files\Tree</Filter>
    </ClCompile>
  </ItemGroup>
  <ItemGroup>
    <Text Include="CMakeLists.txt" />
  </ItemGroup>
</Project>