<?xml version="1.0" encoding="utf-8"?>
<Project ToolsVersion="4.0" xmlns="http://schemas.microsoft.com/developer/msbuild/2003">
  <ItemGroup>
    <ClCompile Include="main.cpp" />
    <ClCompile Include="MiddleOfLinkedList_876_Tests.cpp">
      <Filter>Medium</Filter>
    </ClCompile>
    <ClCompile Include="ReorderList_143_Tests.cpp">
      <Filter>Medium</Filter>
    </ClCompile>
    <ClCompile Include="RemoveNthNodeFromLinkedList_19_Tests.cpp">
      <Filter>Medium</Filter>
    </ClCompile>
    <ClCompile Include="AddTwoNumbers_2_Tests.cpp">
      <Filter>Medium</Filter>
    </ClCompile>
    <ClCompile Include="ReverseLinkedListII_92_Tests.cpp">
      <Filter>Medium</Filter>
    </ClCompile>
    <ClCompile Include="BinaryTreeInorderTraversal_94_Tests.cpp">
      <Filter>Easy</Filter>
    </ClCompile>
    <ClCompile Include="BinaryTreePostOrderTraversal_145_Tests.cpp">
      <Filter>Easy</Filter>
    </ClCompile>
    <ClCompile Include="DiameterOfBinaryTree_543_Tests.cpp">
      <Filter>Easy</Filter>
    </ClCompile>
    <ClCompile Include="ReverseList_206_Tests.cpp">
      <Filter>Easy</Filter>
    </ClCompile>
    <ClCompile Include="SameTree_100_Tests.cpp" />
  </ItemGroup>
  <ItemGroup>
    <ClInclude Include="TestHelpers.h" />
  </ItemGroup>
  <ItemGroup>
    <None Include="packages.config" />
  </ItemGroup>
  <ItemGroup>
    <Filter Include="Medium">
      <UniqueIdentifier>{c4b7c91e-b09a-4d5f-9295-2e52d5090b4d}</UniqueIdentifier>
    </Filter>
    <Filter Include="Easy">
      <UniqueIdentifier>{62be9105-a65a-4291-8d1d-645731619b35}</UniqueIdentifier>
    </Filter>
  </ItemGroup>
</Project>